
Microsoft Visual Studio Solution File, Format Version 12.00
# Visual Studio 15
VisualStudioVersion = 15.0.27130.2036
MinimumVisualStudioVersion = 10.0.40219.1
Project("{9A19103F-16F7-4668-BE54-9A1E7A4F7556}") = "Demo", "Demo\Demo.csproj", "{9BFBA4C3-7FDD-4EBF-B7CC-30D074219E3B}"
EndProject
Project("{9A19103F-16F7-4668-BE54-9A1E7A4F7556}") = "Demo.Common", "Demo.Common\Demo.Common.csproj", "{CEACDEBA-8FCC-403A-BBEF-A5783511B8D8}"
EndProject
Project("{9A19103F-16F7-4668-BE54-9A1E7A4F7556}") = "Demo.AspNetCore", "Demo.AspNetCore\Demo.AspNetCore.csproj", "{EE89B4DA-948D-41B3-BB80-8DD410DCD309}"
EndProject
Project("{9A19103F-16F7-4668-BE54-9A1E7A4F7556}") = "Demo.BackgroundJobs.Hangfire", "Demo.BackgroundJobs.Hangfire\Demo.BackgroundJobs.Hangfire.csproj", "{635D8C42-1332-4FE1-887B-DAA9E0D89BBE}"
EndProject
Project("{9A19103F-16F7-4668-BE54-9A1E7A4F7556}") = "Demo.IdentityServer4", "Demo.IdentityServer4\Demo.IdentityServer4.csproj", "{53EC69C1-A93E-4028-8F7E-FC381181B14E}"
EndProject
Project("{9A19103F-16F7-4668-BE54-9A1E7A4F7556}") = "Demo.IdentityServer4.EntityFrameworkCore", "Demo.IdentityServer4.EntityFrameworkCore\Demo.IdentityServer4.EntityFrameworkCore.csproj", "{D66B356E-4085-4C8C-83D3-7CD123EA3CB7}"
EndProject
Project("{9A19103F-16F7-4668-BE54-9A1E7A4F7556}") = "Demo.Notification.Firebase", "Demo.Notification.Firebase\Demo.Notification.Firebase.csproj", "{A0C2FE8F-37EC-4470-8362-D82BE1C4D05F}"
EndProject
Project("{9A19103F-16F7-4668-BE54-9A1E7A4F7556}") = "Demo.Storage.EntityFrameworkCore", "Demo.Storage.EntityFrameworkCore\Demo.Storage.EntityFrameworkCore.csproj", "{267BBE88-99F9-443E-B694-B3269BC420AD}"
EndProject
Project("{9A19103F-16F7-4668-BE54-9A1E7A4F7556}") = "Demo.Validation.DataAnnotations", "Demo.Validation.DataAnnotations\Demo.Validation.DataAnnotations.csproj", "{A22FE549-314D-4934-9E3F-E6820381C691}"
EndProject
Project("{9A19103F-16F7-4668-BE54-9A1E7A4F7556}") = "WebApi", "WebApi\WebApi.csproj", "{6A62A28E-4BF3-429F-8EDB-22306D048EAA}"
EndProject
Global
	GlobalSection(SolutionConfigurationPlatforms) = preSolution
		Debug|Any CPU = Debug|Any CPU
		Release|Any CPU = Release|Any CPU
	EndGlobalSection
	GlobalSection(ProjectConfigurationPlatforms) = postSolution
		{9BFBA4C3-7FDD-4EBF-B7CC-30D074219E3B}.Debug|Any CPU.ActiveCfg = Debug|Any CPU
		{9BFBA4C3-7FDD-4EBF-B7CC-30D074219E3B}.Debug|Any CPU.Build.0 = Debug|Any CPU
		{9BFBA4C3-7FDD-4EBF-B7CC-30D074219E3B}.Release|Any CPU.ActiveCfg = Release|Any CPU
		{9BFBA4C3-7FDD-4EBF-B7CC-30D074219E3B}.Release|Any CPU.Build.0 = Release|Any CPU
		{CEACDEBA-8FCC-403A-BBEF-A5783511B8D8}.Debug|Any CPU.ActiveCfg = Debug|Any CPU
		{CEACDEBA-8FCC-403A-BBEF-A5783511B8D8}.Debug|Any CPU.Build.0 = Debug|Any CPU
		{CEACDEBA-8FCC-403A-BBEF-A5783511B8D8}.Release|Any CPU.ActiveCfg = Release|Any CPU
		{CEACDEBA-8FCC-403A-BBEF-A5783511B8D8}.Release|Any CPU.Build.0 = Release|Any CPU
		{EE89B4DA-948D-41B3-BB80-8DD410DCD309}.Debug|Any CPU.ActiveCfg = Debug|Any CPU
		{EE89B4DA-948D-41B3-BB80-8DD410DCD309}.Debug|Any CPU.Build.0 = Debug|Any CPU
		{EE89B4DA-948D-41B3-BB80-8DD410DCD309}.Release|Any CPU.ActiveCfg = Release|Any CPU
		{EE89B4DA-948D-41B3-BB80-8DD410DCD309}.Release|Any CPU.Build.0 = Release|Any CPU
		{635D8C42-1332-4FE1-887B-DAA9E0D89BBE}.Debug|Any CPU.ActiveCfg = Debug|Any CPU
		{635D8C42-1332-4FE1-887B-DAA9E0D89BBE}.Debug|Any CPU.Build.0 = Debug|Any CPU
		{635D8C42-1332-4FE1-887B-DAA9E0D89BBE}.Release|Any CPU.ActiveCfg = Release|Any CPU
		{635D8C42-1332-4FE1-887B-DAA9E0D89BBE}.Release|Any CPU.Build.0 = Release|Any CPU
		{53EC69C1-A93E-4028-8F7E-FC381181B14E}.Debug|Any CPU.ActiveCfg = Debug|Any CPU
		{53EC69C1-A93E-4028-8F7E-FC381181B14E}.Debug|Any CPU.Build.0 = Debug|Any CPU
		{53EC69C1-A93E-4028-8F7E-FC381181B14E}.Release|Any CPU.ActiveCfg = Release|Any CPU
		{53EC69C1-A93E-4028-8F7E-FC381181B14E}.Release|Any CPU.Build.0 = Release|Any CPU
		{D66B356E-4085-4C8C-83D3-7CD123EA3CB7}.Debug|Any CPU.ActiveCfg = Debug|Any CPU
		{D66B356E-4085-4C8C-83D3-7CD123EA3CB7}.Debug|Any CPU.Build.0 = Debug|Any CPU
		{D66B356E-4085-4C8C-83D3-7CD123EA3CB7}.Release|Any CPU.ActiveCfg = Release|Any CPU
		{D66B356E-4085-4C8C-83D3-7CD123EA3CB7}.Release|Any CPU.Build.0 = Release|Any CPU
		{A0C2FE8F-37EC-4470-8362-D82BE1C4D05F}.Debug|Any CPU.ActiveCfg = Debug|Any CPU
		{A0C2FE8F-37EC-4470-8362-D82BE1C4D05F}.Debug|Any CPU.Build.0 = Debug|Any CPU
		{A0C2FE8F-37EC-4470-8362-D82BE1C4D05F}.Release|Any CPU.ActiveCfg = Release|Any CPU
		{A0C2FE8F-37EC-4470-8362-D82BE1C4D05F}.Release|Any CPU.Build.0 = Release|Any CPU
		{267BBE88-99F9-443E-B694-B3269BC420AD}.Debug|Any CPU.ActiveCfg = Debug|Any CPU
		{267BBE88-99F9-443E-B694-B3269BC420AD}.Debug|Any CPU.Build.0 = Debug|Any CPU
		{267BBE88-99F9-443E-B694-B3269BC420AD}.Release|Any CPU.ActiveCfg = Release|Any CPU
		{267BBE88-99F9-443E-B694-B3269BC420AD}.Release|Any CPU.Build.0 = Release|Any CPU
		{A22FE549-314D-4934-9E3F-E6820381C691}.Debug|Any CPU.ActiveCfg = Debug|Any CPU
		{A22FE549-314D-4934-9E3F-E6820381C691}.Debug|Any CPU.Build.0 = Debug|Any CPU
		{A22FE549-314D-4934-9E3F-E6820381C691}.Release|Any CPU.ActiveCfg = Release|Any CPU
		{A22FE549-314D-4934-9E3F-E6820381C691}.Release|Any CPU.Build.0 = Release|Any CPU
		{6A62A28E-4BF3-429F-8EDB-22306D048EAA}.Debug|Any CPU.ActiveCfg = Debug|Any CPU
		{6A62A28E-4BF3-429F-8EDB-22306D048EAA}.Debug|Any CPU.Build.0 = Debug|Any CPU
		{6A62A28E-4BF3-429F-8EDB-22306D048EAA}.Release|Any CPU.ActiveCfg = Release|Any CPU
		{6A62A28E-4BF3-429F-8EDB-22306D048EAA}.Release|Any CPU.Build.0 = Release|Any CPU
	EndGlobalSection
	GlobalSection(SolutionProperties) = preSolution
		HideSolutionNode = FALSE
	EndGlobalSection
	GlobalSection(ExtensibilityGlobals) = postSolution
		SolutionGuid = {7BE25D94-0352-41C2-B707-C992999B2CE3}
	EndGlobalSection
EndGlobal
