
Microsoft Visual Studio Solution File, Format Version 12.00
# Visual Studio 15
VisualStudioVersion = 15.0.27130.2036
MinimumVisualStudioVersion = 10.0.40219.1
Project("{9A19103F-16F7-4668-BE54-9A1E7A4F7556}") = "Demo", "Demo\Demo.csproj", "{9BFBA4C3-7FDD-4EBF-B7CC-30D074219E3B}"
EndProject
Project("{9A19103F-16F7-4668-BE54-9A1E7A4F7556}") = "Demo.Common", "Demo.Common\Demo.Common.csproj", "{CEACDEBA-8FCC-403A-BBEF-A5783511B8D8}"
EndProject
Project("{9A19103F-16F7-4668-BE54-9A1E7A4F7556}") = "Demo.AspNetCore", "Demo.AspNetCore\Demo.AspNetCore.csproj", "{EE89B4DA-948D-41B3-BB80-8DD410DCD309}"
EndProject
Project("{9A19103F-16F7-4668-BE54-9A1E7A4F7556}") = "Demo.BackgroundJobs.Hangfire", "Demo.BackgroundJobs.Hangfire\Demo.BackgroundJobs.Hangfire.csproj", "{635D8C42-1332-4FE1-887B-DAA9E0D89BBE}"
EndProject
Project("{9A19103F-16F7-4668-BE54-9A1E7A4F7556}") = "Demo.IdentityServer4", "Demo.IdentityServer4\Demo.IdentityServer4.csproj", "{53EC69C1-A93E-4028-8F7E-FC381181B14E}"
EndProject
Project("{9A19103F-16F7-4668-BE54-9A1E7A4F7556}") = "Demo.IdentityServer4.EntityFrameworkCore", "Demo.IdentityServer4.EntityFrameworkCore\Demo.IdentityServer4.EntityFrameworkCore.csproj", "{D66B356E-4085-4C8C-83D3-7CD123EA3CB7}"
EndProject
Project("{9A19103F-16F7-4668-BE54-9A1E7A4F7556}") = "Demo.Storage.EntityFrameworkCore", "Demo.Storage.EntityFrameworkCore\Demo.Storage.EntityFrameworkCore.csproj", "{267BBE88-99F9-443E-B694-B3269BC420AD}"
EndProject
Project("{9A19103F-16F7-4668-BE54-9A1E7A4F7556}") = "WebApi", "WebApi\WebApi.csproj", "{6A62A28E-4BF3-429F-8EDB-22306D048EAA}"
EndProject
Project("{E53339B2-1760-4266-BCC7-CA923CBCF16C}") = "docker-compose", "docker-compose.dcproj", "{15C9843C-D846-401B-8502-2D4C8D4243E3}"
EndProject
Project("{FAE04EC0-301F-11D3-BF4B-00C04F79EFBC}") = "MapIdentityServer", "MapIdentityServer\MapIdentityServer.csproj", "{F01EE020-F8D4-4EAD-9A78-629AF4614A82}"
EndProject
Project("{FAE04EC0-301F-11D3-BF4B-00C04F79EFBC}") = "MapTemplateApi", "MapTemplateApi\MapTemplateApi.csproj", "{64FD78E9-4B62-4074-B136-924D97F23A3C}"
EndProject
Project("{2150E333-8FDC-42A3-9474-1A3956D46DE8}") = "TemplateCore", "TemplateCore", "{F28FB188-042D-40F6-A475-42FFEA71264D}"
EndProject
Project("{FAE04EC0-301F-11D3-BF4B-00C04F79EFBC}") = "DAL", "DAL\DAL.csproj", "{AED6A301-8C78-4F01-907E-4021F2842F5D}"
EndProject
Global
	GlobalSection(SolutionConfigurationPlatforms) = preSolution
		Debug|Any CPU = Debug|Any CPU
		Release|Any CPU = Release|Any CPU
	EndGlobalSection
	GlobalSection(ProjectConfigurationPlatforms) = postSolution
		{9BFBA4C3-7FDD-4EBF-B7CC-30D074219E3B}.Debug|Any CPU.ActiveCfg = Debug|Any CPU
		{9BFBA4C3-7FDD-4EBF-B7CC-30D074219E3B}.Debug|Any CPU.Build.0 = Debug|Any CPU
		{9BFBA4C3-7FDD-4EBF-B7CC-30D074219E3B}.Release|Any CPU.ActiveCfg = Release|Any CPU
		{9BFBA4C3-7FDD-4EBF-B7CC-30D074219E3B}.Release|Any CPU.Build.0 = Release|Any CPU
		{CEACDEBA-8FCC-403A-BBEF-A5783511B8D8}.Debug|Any CPU.ActiveCfg = Debug|Any CPU
		{CEACDEBA-8FCC-403A-BBEF-A5783511B8D8}.Debug|Any CPU.Build.0 = Debug|Any CPU
		{CEACDEBA-8FCC-403A-BBEF-A5783511B8D8}.Release|Any CPU.ActiveCfg = Release|Any CPU
		{CEACDEBA-8FCC-403A-BBEF-A5783511B8D8}.Release|Any CPU.Build.0 = Release|Any CPU
		{EE89B4DA-948D-41B3-BB80-8DD410DCD309}.Debug|Any CPU.ActiveCfg = Debug|Any CPU
		{EE89B4DA-948D-41B3-BB80-8DD410DCD309}.Debug|Any CPU.Build.0 = Debug|Any CPU
		{EE89B4DA-948D-41B3-BB80-8DD410DCD309}.Release|Any CPU.ActiveCfg = Release|Any CPU
		{EE89B4DA-948D-41B3-BB80-8DD410DCD309}.Release|Any CPU.Build.0 = Release|Any CPU
		{635D8C42-1332-4FE1-887B-DAA9E0D89BBE}.Debug|Any CPU.ActiveCfg = Debug|Any CPU
		{635D8C42-1332-4FE1-887B-DAA9E0D89BBE}.Debug|Any CPU.Build.0 = Debug|Any CPU
		{635D8C42-1332-4FE1-887B-DAA9E0D89BBE}.Release|Any CPU.ActiveCfg = Release|Any CPU
		{635D8C42-1332-4FE1-887B-DAA9E0D89BBE}.Release|Any CPU.Build.0 = Release|Any CPU
		{53EC69C1-A93E-4028-8F7E-FC381181B14E}.Debug|Any CPU.ActiveCfg = Debug|Any CPU
		{53EC69C1-A93E-4028-8F7E-FC381181B14E}.Debug|Any CPU.Build.0 = Debug|Any CPU
		{53EC69C1-A93E-4028-8F7E-FC381181B14E}.Release|Any CPU.ActiveCfg = Release|Any CPU
		{53EC69C1-A93E-4028-8F7E-FC381181B14E}.Release|Any CPU.Build.0 = Release|Any CPU
		{D66B356E-4085-4C8C-83D3-7CD123EA3CB7}.Debug|Any CPU.ActiveCfg = Debug|Any CPU
		{D66B356E-4085-4C8C-83D3-7CD123EA3CB7}.Debug|Any CPU.Build.0 = Debug|Any CPU
		{D66B356E-4085-4C8C-83D3-7CD123EA3CB7}.Release|Any CPU.ActiveCfg = Release|Any CPU
		{D66B356E-4085-4C8C-83D3-7CD123EA3CB7}.Release|Any CPU.Build.0 = Release|Any CPU
		{267BBE88-99F9-443E-B694-B3269BC420AD}.Debug|Any CPU.ActiveCfg = Debug|Any CPU
		{267BBE88-99F9-443E-B694-B3269BC420AD}.Debug|Any CPU.Build.0 = Debug|Any CPU
		{267BBE88-99F9-443E-B694-B3269BC420AD}.Release|Any CPU.ActiveCfg = Release|Any CPU
		{267BBE88-99F9-443E-B694-B3269BC420AD}.Release|Any CPU.Build.0 = Release|Any CPU
		{6A62A28E-4BF3-429F-8EDB-22306D048EAA}.Debug|Any CPU.ActiveCfg = Debug|Any CPU
		{6A62A28E-4BF3-429F-8EDB-22306D048EAA}.Debug|Any CPU.Build.0 = Debug|Any CPU
		{6A62A28E-4BF3-429F-8EDB-22306D048EAA}.Release|Any CPU.ActiveCfg = Release|Any CPU
		{6A62A28E-4BF3-429F-8EDB-22306D048EAA}.Release|Any CPU.Build.0 = Release|Any CPU
		{15C9843C-D846-401B-8502-2D4C8D4243E3}.Debug|Any CPU.ActiveCfg = Debug|Any CPU
		{15C9843C-D846-401B-8502-2D4C8D4243E3}.Debug|Any CPU.Build.0 = Debug|Any CPU
		{15C9843C-D846-401B-8502-2D4C8D4243E3}.Release|Any CPU.ActiveCfg = Release|Any CPU
		{15C9843C-D846-401B-8502-2D4C8D4243E3}.Release|Any CPU.Build.0 = Release|Any CPU
		{F01EE020-F8D4-4EAD-9A78-629AF4614A82}.Debug|Any CPU.ActiveCfg = Debug|Any CPU
		{F01EE020-F8D4-4EAD-9A78-629AF4614A82}.Debug|Any CPU.Build.0 = Debug|Any CPU
		{F01EE020-F8D4-4EAD-9A78-629AF4614A82}.Release|Any CPU.ActiveCfg = Release|Any CPU
		{F01EE020-F8D4-4EAD-9A78-629AF4614A82}.Release|Any CPU.Build.0 = Release|Any CPU
		{64FD78E9-4B62-4074-B136-924D97F23A3C}.Debug|Any CPU.ActiveCfg = Debug|Any CPU
		{64FD78E9-4B62-4074-B136-924D97F23A3C}.Debug|Any CPU.Build.0 = Debug|Any CPU
		{64FD78E9-4B62-4074-B136-924D97F23A3C}.Release|Any CPU.ActiveCfg = Release|Any CPU
		{64FD78E9-4B62-4074-B136-924D97F23A3C}.Release|Any CPU.Build.0 = Release|Any CPU
		{AED6A301-8C78-4F01-907E-4021F2842F5D}.Debug|Any CPU.ActiveCfg = Debug|Any CPU
		{AED6A301-8C78-4F01-907E-4021F2842F5D}.Debug|Any CPU.Build.0 = Debug|Any CPU
		{AED6A301-8C78-4F01-907E-4021F2842F5D}.Release|Any CPU.ActiveCfg = Release|Any CPU
		{AED6A301-8C78-4F01-907E-4021F2842F5D}.Release|Any CPU.Build.0 = Release|Any CPU
	EndGlobalSection
	GlobalSection(SolutionProperties) = preSolution
		HideSolutionNode = FALSE
	EndGlobalSection
	GlobalSection(NestedProjects) = preSolution
		{9BFBA4C3-7FDD-4EBF-B7CC-30D074219E3B} = {F28FB188-042D-40F6-A475-42FFEA71264D}
		{CEACDEBA-8FCC-403A-BBEF-A5783511B8D8} = {F28FB188-042D-40F6-A475-42FFEA71264D}
		{EE89B4DA-948D-41B3-BB80-8DD410DCD309} = {F28FB188-042D-40F6-A475-42FFEA71264D}
		{635D8C42-1332-4FE1-887B-DAA9E0D89BBE} = {F28FB188-042D-40F6-A475-42FFEA71264D}
		{53EC69C1-A93E-4028-8F7E-FC381181B14E} = {F28FB188-042D-40F6-A475-42FFEA71264D}
		{D66B356E-4085-4C8C-83D3-7CD123EA3CB7} = {F28FB188-042D-40F6-A475-42FFEA71264D}
		{267BBE88-99F9-443E-B694-B3269BC420AD} = {F28FB188-042D-40F6-A475-42FFEA71264D}
	EndGlobalSection
	GlobalSection(ExtensibilityGlobals) = postSolution
		SolutionGuid = {7BE25D94-0352-41C2-B707-C992999B2CE3}
	EndGlobalSection
EndGlobal
